
Microsoft Visual Studio Solution File, Format Version 12.00
# Visual Studio 14
VisualStudioVersion = 14.0.25420.1
MinimumVisualStudioVersion = 10.0.40219.1
Project("{FAE04EC0-301F-11D3-BF4B-00C04F79EFBC}") = "Thesaurus", "Thesaurus\Thesaurus.csproj", "{B504786E-2566-408A-B7D2-0FB782BF438A}"
EndProject
Project("{FAE04EC0-301F-11D3-BF4B-00C04F79EFBC}") = "Client", "Client\Client.csproj", "{C63B5FCB-E917-4107-8C8A-5E2360D85A3E}"
EndProject
Project("{FAE04EC0-301F-11D3-BF4B-00C04F79EFBC}") = "Thesaurus.Tests", "Thesaurus.Tests\Thesaurus.Tests.csproj", "{1A6F1CCA-816E-4FD1-94D9-8DC96052F968}"
EndProject
Project("{FAE04EC0-301F-11D3-BF4B-00C04F79EFBC}") = "Setup", "Setup\Setup.csproj", "{360701E9-EE78-493A-94D2-E6377D212C46}"
EndProject
Global
	GlobalSection(SolutionConfigurationPlatforms) = preSolution
		Debug|Any CPU = Debug|Any CPU
		Release|Any CPU = Release|Any CPU
	EndGlobalSection
	GlobalSection(ProjectConfigurationPlatforms) = postSolution
		{B504786E-2566-408A-B7D2-0FB782BF438A}.Debug|Any CPU.ActiveCfg = Debug|Any CPU
		{B504786E-2566-408A-B7D2-0FB782BF438A}.Debug|Any CPU.Build.0 = Debug|Any CPU
		{B504786E-2566-408A-B7D2-0FB782BF438A}.Release|Any CPU.ActiveCfg = Release|Any CPU
		{B504786E-2566-408A-B7D2-0FB782BF438A}.Release|Any CPU.Build.0 = Release|Any CPU
		{C63B5FCB-E917-4107-8C8A-5E2360D85A3E}.Debug|Any CPU.ActiveCfg = Debug|Any CPU
		{C63B5FCB-E917-4107-8C8A-5E2360D85A3E}.Debug|Any CPU.Build.0 = Debug|Any CPU
		{C63B5FCB-E917-4107-8C8A-5E2360D85A3E}.Release|Any CPU.ActiveCfg = Release|Any CPU
		{C63B5FCB-E917-4107-8C8A-5E2360D85A3E}.Release|Any CPU.Build.0 = Release|Any CPU
		{1A6F1CCA-816E-4FD1-94D9-8DC96052F968}.Debug|Any CPU.ActiveCfg = Debug|Any CPU
		{1A6F1CCA-816E-4FD1-94D9-8DC96052F968}.Debug|Any CPU.Build.0 = Debug|Any CPU
		{1A6F1CCA-816E-4FD1-94D9-8DC96052F968}.Release|Any CPU.ActiveCfg = Release|Any CPU
		{1A6F1CCA-816E-4FD1-94D9-8DC96052F968}.Release|Any CPU.Build.0 = Release|Any CPU
		{360701E9-EE78-493A-94D2-E6377D212C46}.Debug|Any CPU.ActiveCfg = Debug|Any CPU
		{360701E9-EE78-493A-94D2-E6377D212C46}.Debug|Any CPU.Build.0 = Debug|Any CPU
		{360701E9-EE78-493A-94D2-E6377D212C46}.Release|Any CPU.ActiveCfg = Release|Any CPU
		{360701E9-EE78-493A-94D2-E6377D212C46}.Release|Any CPU.Build.0 = Release|Any CPU
	EndGlobalSection
	GlobalSection(SolutionProperties) = preSolution
		HideSolutionNode = FALSE
	EndGlobalSection
EndGlobal
